<?xml version="1.0" encoding="utf-8"?>
<Project ToolsVersion="4.0" xmlns="http://schemas.microsoft.com/developer/msbuild/2003">
  <ItemGroup>
    <Filter Include="Source Files">
      <UniqueIdentifier>{4FC737F1-C7A5-4376-A066-2A32D752A2FF}</UniqueIdentifier>
      <Extensions>cpp;c;cc;cxx;def;odl;idl;hpj;bat;asm;asmx</Extensions>
    </Filter>
    <Filter Include="Header Files">
      <UniqueIdentifier>{93995380-89BD-4b04-88EB-625FBE52EBFB}</UniqueIdentifier>
      <Extensions>h;hh;hpp;hxx;hm;inl;inc;xsd</Extensions>
    </Filter>
    <Filter Include="Resource Files">
      <UniqueIdentifier>{67DA6AB6-F800-4c08-8B7A-83BB121AAD01}</UniqueIdentifier>
      <Extensions>rc;ico;cur;bmp;dlg;rc2;rct;bin;rgs;gif;jpg;jpeg;jpe;resx;tiff;tif;png;wav;mfcribbon-ms</Extensions>
    </Filter>
    <Filter Include="Form Files">
      <UniqueIdentifier>{99349809-55BA-4b9d-BF79-8FDBB0286EB3}</UniqueIdentifier>
      <Extensions>ui</Extensions>
    </Filter>
    <Filter Include="Resource Files">
      <UniqueIdentifier>{D9D6E242-F8AF-46E4-B9FD-80ECBC20BA3E}</UniqueIdentifier>
      <Extensions>qrc;*</Extensions>
      <ParseFiles>false</ParseFiles>
    </Filter>
  </ItemGroup>
  <ItemGroup>
    <QtRcc Include="NanHao.qrc">
      <Filter>Resource Files</Filter>
    </QtRcc>
    <QtUic Include="NanHao.ui">
      <Filter>Resource Files</Filter>
    </QtUic>
    <QtMoc Include="NanHao.h">
      <Filter>Header Files</Filter>
    </QtMoc>
    <ClCompile Include="NanHao.cpp">
      <Filter>Source Files</Filter>
    </ClCompile>
  </ItemGroup>
  <ItemGroup>
    <ClCompile Include="main.cpp">
      <Filter>Source Files</Filter>
    </ClCompile>
    <ClCompile Include="NanHao__main.cpp">
      <Filter>Source Files</Filter>
    </ClCompile>
    <ClCompile Include="scanxprlib.cpp">
      <Filter>Source Files</Filter>
    </ClCompile>
    <ClCompile Include="NanHao_main_candidates.cpp">
      <Filter>Source Files</Filter>
    </ClCompile>
    <ClCompile Include="NanHao_main_votes.cpp">
      <Filter>Source Files</Filter>
    </ClCompile>
    <ClCompile Include="NanHao_main_statistics.cpp">
      <Filter>Source Files</Filter>
    </ClCompile>
  </ItemGroup>
  <ItemGroup>
    <QtMoc Include="NanHao__main.h">
      <Filter>Header Files</Filter>
    </QtMoc>
    <QtMoc Include="NanHao_main_candidates.h">
      <Filter>Header Files</Filter>
    </QtMoc>
    <QtMoc Include="NanHao_main_votes.h">
      <Filter>Header Files</Filter>
    </QtMoc>
    <QtMoc Include="NanHao_main_statistics.h">
      <Filter>Header Files</Filter>
    </QtMoc>
  </ItemGroup>
  <ItemGroup>
    <QtUic Include="NanHao__main.ui">
      <Filter>Form Files</Filter>
    </QtUic>
    <QtUic Include="NanHao_main_candidates.ui">
      <Filter>Form Files</Filter>
    </QtUic>
    <QtUic Include="NanHao_main_votes.ui">
      <Filter>Form Files</Filter>
    </QtUic>
    <QtUic Include="NanHao_main_statistics.ui">
      <Filter>Form Files</Filter>
    </QtUic>
  </ItemGroup>
  <ItemGroup>
    <ClInclude Include="scanxprlib.h">
      <Filter>Header Files</Filter>
    </ClInclude>
  </ItemGroup>
</Project>